
Microsoft Visual Studio Solution File, Format Version 12.00
# Visual Studio Version 17
VisualStudioVersion = 17.0.31903.59
MinimumVisualStudioVersion = 10.0.40219.1
Project("{2150E333-8FDC-42A3-9474-1A3956D46DE8}") = "src", "src", "{ED4F0FDB-CAF6-4733-83E0-C1BC29C57E67}"
EndProject
Project("{FAE04EC0-301F-11D3-BF4B-00C04F79EFBC}") = "ToDoList.WebApi", "src\ToDoList.WebApi\ToDoList.WebApi.csproj", "{E025CD67-DE1D-4BDD-9C43-AECD24C70538}"
EndProject
Project("{FAE04EC0-301F-11D3-BF4B-00C04F79EFBC}") = "ToDoList.Domain", "src\ToDoList.Domain\ToDoList.Domain.csproj", "{10AFCAE9-4958-4B26-9854-F120EDB26328}"
EndProject
Project("{2150E333-8FDC-42A3-9474-1A3956D46DE8}") = "tests", "tests", "{C86BCFF9-6BF9-4D7A-846F-D32FDFB6BE23}"
EndProject
Project("{FAE04EC0-301F-11D3-BF4B-00C04F79EFBC}") = "ToDoList.Test", "tests\ToDoList.Test\ToDoList.Test.csproj", "{00AF1B5A-50A4-4C80-81B3-A53CE2CF0442}"
EndProject
Project("{2150E333-8FDC-42A3-9474-1A3956D46DE8}") = "tests", "tests", "{D78FC9D1-46B7-4F93-AE9A-24719D8C82D2}"
EndProject
Project("{FAE04EC0-301F-11D3-BF4B-00C04F79EFBC}") = "ToDoList.Test", "tests\ToDoList.Test\ToDoList.Test.csproj", "{EEB409BA-8B59-4C14-84D3-301E75F542C4}"
EndProject
Global
	GlobalSection(SolutionConfigurationPlatforms) = preSolution
		Debug|Any CPU = Debug|Any CPU
		Release|Any CPU = Release|Any CPU
	EndGlobalSection
	GlobalSection(SolutionProperties) = preSolution
		HideSolutionNode = FALSE
	EndGlobalSection
	GlobalSection(ProjectConfigurationPlatforms) = postSolution
		{E025CD67-DE1D-4BDD-9C43-AECD24C70538}.Debug|Any CPU.ActiveCfg = Debug|Any CPU
		{E025CD67-DE1D-4BDD-9C43-AECD24C70538}.Debug|Any CPU.Build.0 = Debug|Any CPU
		{E025CD67-DE1D-4BDD-9C43-AECD24C70538}.Release|Any CPU.ActiveCfg = Release|Any CPU
		{E025CD67-DE1D-4BDD-9C43-AECD24C70538}.Release|Any CPU.Build.0 = Release|Any CPU
		{10AFCAE9-4958-4B26-9854-F120EDB26328}.Debug|Any CPU.ActiveCfg = Debug|Any CPU
		{10AFCAE9-4958-4B26-9854-F120EDB26328}.Debug|Any CPU.Build.0 = Debug|Any CPU
		{10AFCAE9-4958-4B26-9854-F120EDB26328}.Release|Any CPU.ActiveCfg = Release|Any CPU
		{10AFCAE9-4958-4B26-9854-F120EDB26328}.Release|Any CPU.Build.0 = Release|Any CPU
		{00AF1B5A-50A4-4C80-81B3-A53CE2CF0442}.Debug|Any CPU.ActiveCfg = Debug|Any CPU
		{00AF1B5A-50A4-4C80-81B3-A53CE2CF0442}.Debug|Any CPU.Build.0 = Debug|Any CPU
		{00AF1B5A-50A4-4C80-81B3-A53CE2CF0442}.Release|Any CPU.ActiveCfg = Release|Any CPU
		{00AF1B5A-50A4-4C80-81B3-A53CE2CF0442}.Release|Any CPU.Build.0 = Release|Any CPU
	EndGlobalSection
	GlobalSection(NestedProjects) = preSolution
		{E025CD67-DE1D-4BDD-9C43-AECD24C70538} = {ED4F0FDB-CAF6-4733-83E0-C1BC29C57E67}
		{10AFCAE9-4958-4B26-9854-F120EDB26328} = {ED4F0FDB-CAF6-4733-83E0-C1BC29C57E67}
		{00AF1B5A-50A4-4C80-81B3-A53CE2CF0442} = {C86BCFF9-6BF9-4D7A-846F-D32FDFB6BE23}
	EndGlobalSection
EndGlobal
